// !$*UTF8*$!
{
	archiveVersion = 1;
	classes = {
	};
	objectVersion = 56;
	objects = {

/* Begin PBXBuildFile section */
		A1B2C3D4E5F6A7B8C9D0E213 /* CosmosApp.swift in Sources */ = {isa = PBXBuildFile; fileRef = A1B2C3D4E5F6A7B8C9D0E208 /* CosmosApp.swift */; };
		A1B2C3D4E5F6A7B8C9D0E214 /* ContentView.swift in Sources */ = {isa = PBXBuildFile; fileRef = A1B2C3D4E5F6A7B8C9D0E209 /* ContentView.swift */; };
		A1B2C3D4E5F6A7B8C9D0E215 /* TodayView.swift in Sources */ = {isa = PBXBuildFile; fileRef = A1B2C3D4E5F6A7B8C9D0E210 /* TodayView.swift */; };
		A1B2C3D4E5F6A7B8C9D0E216 /* EarthView.swift in Sources */ = {isa = PBXBuildFile; fileRef = A1B2C3D4E5F6A7B8C9D0E211 /* EarthView.swift */; };
		A1B2C3D4E5F6A7B8C9D0E218 /* ArchiveView.swift in Sources */ = {isa = PBXBuildFile; fileRef = A1B2C3D4E5F6A7B8C9D0E219 /* ArchiveView.swift */; };
		A1B2C3D4E5F6A7B8C9D0E217 /* Assets.xcassets in Resources */ = {isa = PBXBuildFile; fileRef = A1B2C3D4E5F6A7B8C9D0E212 /* Assets.xcassets */; };
		A1B2C3D4E5F6A7B8C9D0E220 /* ComposeApp.framework in Frameworks */ = {isa = PBXBuildFile; fileRef = A1B2C3D4E5F6A7B8C9D0E222 /* ComposeApp.framework */; };
		A1B2C3D4E5F6A7B8C9D0E221 /* libsqlite3.tbd in Frameworks */ = {isa = PBXBuildFile; fileRef = A1B2C3D4E5F6A7B8C9D0E223 /* libsqlite3.tbd */; };
		A1B2C3D4E5F6A7B8C9D0E230 /* WebKit.framework in Frameworks */ = {isa = PBXBuildFile; fileRef = A1B2C3D4E5F6A7B8C9D0E231 /* WebKit.framework */; };
		A1B2C3D4E5F6A7B8C9D0E226 /* MediaDetailView.swift in Sources */ = {isa = PBXBuildFile; fileRef = A1B2C3D4E5F6A7B8C9D0E227 /* MediaDetailView.swift */; };
		A1B2C3D4E5F6A7B8C9D0E228 /* VideoPlayerView.swift in Sources */ = {isa = PBXBuildFile; fileRef = A1B2C3D4E5F6A7B8C9D0E229 /* VideoPlayerView.swift */; };
		A1B2C3D4E5F6A7B8C9D0E233 /* NasaApiKey.swift in Sources */ = {isa = PBXBuildFile; fileRef = A1B2C3D4E5F6A7B8C9D0E234 /* NasaApiKey.swift */; };
/* End PBXBuildFile section */

/* Begin PBXFileReference section */
		A1B2C3D4E5F6A7B8C9D0E1F8 /* iosApp.app */ = {isa = PBXFileReference; explicitFileType = wrapper.application; includeInIndex = 0; path = iosApp.app; sourceTree = BUILT_PRODUCTS_DIR; };
		A1B2C3D4E5F6A7B8C9D0E208 /* CosmosApp.swift */ = {isa = PBXFileReference; lastKnownFileType = sourcecode.swift; path = CosmosApp.swift; sourceTree = "<group>"; };
		A1B2C3D4E5F6A7B8C9D0E209 /* ContentView.swift */ = {isa = PBXFileReference; lastKnownFileType = sourcecode.swift; path = ContentView.swift; sourceTree = "<group>"; };
		A1B2C3D4E5F6A7B8C9D0E210 /* TodayView.swift */ = {isa = PBXFileReference; lastKnownFileType = sourcecode.swift; path = TodayView.swift; sourceTree = "<group>"; };
		A1B2C3D4E5F6A7B8C9D0E211 /* EarthView.swift */ = {isa = PBXFileReference; lastKnownFileType = sourcecode.swift; path = EarthView.swift; sourceTree = "<group>"; };
		A1B2C3D4E5F6A7B8C9D0E219 /* ArchiveView.swift */ = {isa = PBXFileReference; lastKnownFileType = sourcecode.swift; path = ArchiveView.swift; sourceTree = "<group>"; };
		A1B2C3D4E5F6A7B8C9D0E227 /* MediaDetailView.swift */ = {isa = PBXFileReference; lastKnownFileType = sourcecode.swift; path = MediaDetailView.swift; sourceTree = "<group>"; };
		A1B2C3D4E5F6A7B8C9D0E229 /* VideoPlayerView.swift */ = {isa = PBXFileReference; lastKnownFileType = sourcecode.swift; path = VideoPlayerView.swift; sourceTree = "<group>"; };
		A1B2C3D4E5F6A7B8C9D0E234 /* NasaApiKey.swift */ = {isa = PBXFileReference; lastKnownFileType = sourcecode.swift; path = NasaApiKey.swift; sourceTree = "<group>"; };
		A1B2C3D4E5F6A7B8C9D0E212 /* Assets.xcassets */ = {isa = PBXFileReference; lastKnownFileType = folder.assetcatalog; path = Assets.xcassets; sourceTree = "<group>"; };
		A1B2C3D4E5F6A7B8C9D0E222 /* ComposeApp.framework */ = {isa = PBXFileReference; lastKnownFileType = wrapper.framework; name = ComposeApp.framework; path = ComposeApp.framework; sourceTree = BUILT_PRODUCTS_DIR; };
		A1B2C3D4E5F6A7B8C9D0E223 /* libsqlite3.tbd */ = {isa = PBXFileReference; lastKnownFileType = "sourcecode.text-based-dylib-definition"; name = libsqlite3.tbd; path = usr/lib/libsqlite3.tbd; sourceTree = SDKROOT; };
		A1B2C3D4E5F6A7B8C9D0E231 /* WebKit.framework */ = {isa = PBXFileReference; lastKnownFileType = wrapper.framework; name = WebKit.framework; path = System/Library/Frameworks/WebKit.framework; sourceTree = SDKROOT; };
/* End PBXFileReference section */

/* Begin PBXFrameworksBuildPhase section */
		A1B2C3D4E5F6A7B8C9D0E224 /* Frameworks */ = {
			isa = PBXFrameworksBuildPhase;
			buildActionMask = 2147483647;
			files = (
				A1B2C3D4E5F6A7B8C9D0E220 /* ComposeApp.framework in Frameworks */,
				A1B2C3D4E5F6A7B8C9D0E221 /* libsqlite3.tbd in Frameworks */,
				A1B2C3D4E5F6A7B8C9D0E230 /* WebKit.framework in Frameworks */,
			);
			runOnlyForDeploymentPostprocessing = 0;
		};
/* End PBXFrameworksBuildPhase section */

/* Begin PBXGroup section */
		A1B2C3D4E5F6A7B8C9D0E1F3 = {
			isa = PBXGroup;
			children = (
				A1B2C3D4E5F6A7B8C9D0E1F4 /* iosApp */,
				A1B2C3D4E5F6A7B8C9D0E225 /* Frameworks */,
				A1B2C3D4E5F6A7B8C9D0E1F5 /* Products */,
			);
			sourceTree = "<group>";
		};
		A1B2C3D4E5F6A7B8C9D0E225 /* Frameworks */ = {
			isa = PBXGroup;
			children = (
				A1B2C3D4E5F6A7B8C9D0E222 /* ComposeApp.framework */,
				A1B2C3D4E5F6A7B8C9D0E223 /* libsqlite3.tbd */,
				A1B2C3D4E5F6A7B8C9D0E231 /* WebKit.framework */,
			);
			name = Frameworks;
			sourceTree = "<group>";
		};
		A1B2C3D4E5F6A7B8C9D0E1F4 /* iosApp */ = {
			isa = PBXGroup;
			children = (
				A1B2C3D4E5F6A7B8C9D0E208 /* CosmosApp.swift */,
				A1B2C3D4E5F6A7B8C9D0E209 /* ContentView.swift */,
				A1B2C3D4E5F6A7B8C9D0E210 /* TodayView.swift */,
				A1B2C3D4E5F6A7B8C9D0E211 /* EarthView.swift */,
				A1B2C3D4E5F6A7B8C9D0E219 /* ArchiveView.swift */,
				A1B2C3D4E5F6A7B8C9D0E227 /* MediaDetailView.swift */,
				A1B2C3D4E5F6A7B8C9D0E229 /* VideoPlayerView.swift */,
				A1B2C3D4E5F6A7B8C9D0E234 /* NasaApiKey.swift */,
				A1B2C3D4E5F6A7B8C9D0E212 /* Assets.xcassets */,
			);
			path = iosApp;
			sourceTree = "<group>";
		};
		A1B2C3D4E5F6A7B8C9D0E1F5 /* Products */ = {
			isa = PBXGroup;
			children = (
				A1B2C3D4E5F6A7B8C9D0E1F8 /* iosApp.app */,
			);
			name = Products;
			sourceTree = "<group>";
		};
/* End PBXGroup section */

/* Begin PBXNativeTarget section */
		A1B2C3D4E5F6A7B8C9D0E1F7 /* iosApp */ = {
			isa = PBXNativeTarget;
			buildConfigurationList = A1B2C3D4E5F6A7B8C9D0E203 /* Build configuration list for PBXNativeTarget "iosApp" */;
			buildPhases = (
				A1B2C3D4E5F6A7B8C9D0E201 /* KMP Build */,
				A1B2C3D4E5F6A7B8C9D0E1F9 /* Sources */,
				A1B2C3D4E5F6A7B8C9D0E224 /* Frameworks */,
				A1B2C3D4E5F6A7B8C9D0E200 /* Resources */,
			);
			buildRules = (
			);
			dependencies = (
			);
			name = iosApp;
			productName = iosApp;
			productReference = A1B2C3D4E5F6A7B8C9D0E1F8 /* iosApp.app */;
			productType = "com.apple.product-type.application";
		};
/* End PBXNativeTarget section */

/* Begin PBXProject section */
		A1B2C3D4E5F6A7B8C9D0E1F2 /* Project object */ = {
			isa = PBXProject;
			attributes = {
				BuildIndependentTargetsInParallel = 1;
				LastSwiftUpdateCheck = 1500;
				LastUpgradeCheck = 2630;
				TargetAttributes = {
					A1B2C3D4E5F6A7B8C9D0E1F7 = {
						CreatedOnToolsVersion = 15.0;
					};
				};
			};
			buildConfigurationList = A1B2C3D4E5F6A7B8C9D0E202 /* Build configuration list for PBXProject "iosApp" */;
			compatibilityVersion = "Xcode 14.0";
			developmentRegion = en;
			hasScannedForEncodings = 0;
			knownRegions = (
				en,
				Base,
			);
			mainGroup = A1B2C3D4E5F6A7B8C9D0E1F3;
			productRefGroup = A1B2C3D4E5F6A7B8C9D0E1F5 /* Products */;
			projectDirPath = "";
			projectRoot = "";
			targets = (
				A1B2C3D4E5F6A7B8C9D0E1F7 /* iosApp */,
			);
		};
/* End PBXProject section */

/* Begin PBXResourcesBuildPhase section */
		A1B2C3D4E5F6A7B8C9D0E200 /* Resources */ = {
			isa = PBXResourcesBuildPhase;
			buildActionMask = 2147483647;
			files = (
				A1B2C3D4E5F6A7B8C9D0E217 /* Assets.xcassets in Resources */,
			);
			runOnlyForDeploymentPostprocessing = 0;
		};
/* End PBXResourcesBuildPhase section */

/* Begin PBXShellScriptBuildPhase section */
		A1B2C3D4E5F6A7B8C9D0E201 /* KMP Build */ = {
			isa = PBXShellScriptBuildPhase;
			alwaysOutOfDate = 1;
			buildActionMask = 2147483647;
			files = (
			);
			inputFileListPaths = (
			);
			inputPaths = (
			);
			name = "KMP Build";
			outputFileListPaths = (
			);
			outputPaths = (
			);
			runOnlyForDeploymentPostprocessing = 0;
			shellPath = /bin/sh;
			shellScript = "set -e\nREPO_ROOT=\"$(cd \"$SRCROOT/..\" && pwd)\"\nexport JAVA_HOME=\"/Applications/Android Studio.app/Contents/jbr/Contents/Home\"\nexport PATH=\"$JAVA_HOME/bin:/usr/local/bin:/usr/bin:/bin:/usr/sbin:/sbin:$PATH\"\n\n# Write API key from local.properties into a Swift source file (compiled before app runs)\nif [ -f \"$REPO_ROOT/local.properties\" ]; then\n  NASA_KEY=$(grep '^nasa\\.api\\.key=' \"$REPO_ROOT/local.properties\" | cut -d'=' -f2-)\nelse\n  NASA_KEY=\"DEMO_KEY\"\nfi\nKEY=\"${NASA_KEY:-DEMO_KEY}\"\ncat > \"$SRCROOT/iosApp/NasaApiKey.swift\" <<SWIFT\n// Auto-generated by the KMP Build script from local.properties.\n// Do not edit — changes will be overwritten on next build.\nlet nasaApiKey = \"$KEY\"\nSWIFT\n# Prevent git from tracking local changes to this generated file\ngit -C \"$REPO_ROOT\" update-index --skip-worktree iosApp/iosApp/NasaApiKey.swift 2>/dev/null || true\n\nif [ \"$PLATFORM_NAME\" = \"iphonesimulator\" ]; then\n  KOTLIN_ARCH=\"IosSimulatorArm64\"\nelif [ \"$PLATFORM_NAME\" = \"iphoneos\" ]; then\n  KOTLIN_ARCH=\"IosArm64\"\nelse\n  exit 0\nfi\n/bin/bash \"$REPO_ROOT/gradlew\" --project-dir \"$REPO_ROOT\" \":composeApp:link${CONFIGURATION}Framework${KOTLIN_ARCH}\"\n";
		};
/* End PBXShellScriptBuildPhase section */

/* Begin PBXSourcesBuildPhase section */
		A1B2C3D4E5F6A7B8C9D0E1F9 /* Sources */ = {
			isa = PBXSourcesBuildPhase;
			buildActionMask = 2147483647;
			files = (
				A1B2C3D4E5F6A7B8C9D0E213 /* CosmosApp.swift in Sources */,
				A1B2C3D4E5F6A7B8C9D0E214 /* ContentView.swift in Sources */,
				A1B2C3D4E5F6A7B8C9D0E215 /* TodayView.swift in Sources */,
				A1B2C3D4E5F6A7B8C9D0E216 /* EarthView.swift in Sources */,
				A1B2C3D4E5F6A7B8C9D0E218 /* ArchiveView.swift in Sources */,
				A1B2C3D4E5F6A7B8C9D0E226 /* MediaDetailView.swift in Sources */,
				A1B2C3D4E5F6A7B8C9D0E228 /* VideoPlayerView.swift in Sources */,
				A1B2C3D4E5F6A7B8C9D0E233 /* NasaApiKey.swift in Sources */,
			);
			runOnlyForDeploymentPostprocessing = 0;
		};
/* End PBXSourcesBuildPhase section */

/* Begin XCBuildConfiguration section */
		A1B2C3D4E5F6A7B8C9D0E204 /* Debug */ = {
			isa = XCBuildConfiguration;
			buildSettings = {
				ALWAYS_SEARCH_USER_PATHS = NO;
				ASSETCATALOG_COMPILER_GENERATE_SWIFT_ASSET_SYMBOL_EXTENSIONS = YES;
				CLANG_ANALYZER_NONNULL = YES;
				CLANG_CXX_LANGUAGE_STANDARD = "gnu++20";
				CLANG_ENABLE_MODULES = YES;
				CLANG_ENABLE_OBJC_ARC = YES;
				CLANG_ENABLE_OBJC_WEAK = YES;
				CLANG_WARN_BLOCK_CAPTURE_AUTORELEASING = YES;
				CLANG_WARN_BOOL_CONVERSION = YES;
				CLANG_WARN_COMMA = YES;
				CLANG_WARN_CONSTANT_CONVERSION = YES;
				CLANG_WARN_DEPRECATED_OBJC_IMPLEMENTATIONS = YES;
				CLANG_WARN_DIRECT_OBJC_ISA_USAGE = YES_ERROR;
				CLANG_WARN_DOCUMENTATION_COMMENTS = YES;
				CLANG_WARN_EMPTY_BODY = YES;
				CLANG_WARN_ENUM_CONVERSION = YES;
				CLANG_WARN_INFINITE_RECURSION = YES;
				CLANG_WARN_INT_CONVERSION = YES;
				CLANG_WARN_NON_LITERAL_NULL_CONVERSION = YES;
				CLANG_WARN_OBJC_IMPLICIT_RETAIN_SELF = YES;
				CLANG_WARN_OBJC_LITERAL_CONVERSION = YES;
				CLANG_WARN_OBJC_ROOT_CLASS = YES_ERROR;
				CLANG_WARN_QUOTED_INCLUDE_IN_FRAMEWORK_HEADER = YES;
				CLANG_WARN_RANGE_LOOP_ANALYSIS = YES;
				CLANG_WARN_STRICT_PROTOTYPES = YES;
				CLANG_WARN_SUSPICIOUS_MOVE = YES;
				CLANG_WARN_UNGUARDED_AVAILABILITY = YES_AGGRESSIVE;
				CLANG_WARN_UNREACHABLE_CODE = YES;
				CLANG_WARN__DUPLICATE_METHOD_MATCH = YES;
				COPY_PHASE_STRIP = NO;
				DEBUG_INFORMATION_FORMAT = dwarf;
				ENABLE_STRICT_OBJC_MSGSEND = YES;
				ENABLE_TESTABILITY = YES;
				ENABLE_USER_SCRIPT_SANDBOXING = NO;
				GCC_C_LANGUAGE_STANDARD = gnu17;
				GCC_DYNAMIC_NO_PIC = NO;
				GCC_NO_COMMON_BLOCKS = YES;
				GCC_OPTIMIZATION_LEVEL = 0;
				GCC_PREPROCESSOR_DEFINITIONS = (
					"DEBUG=1",
					"$(inherited)",
				);
				GCC_WARN_64_TO_32_BIT_CONVERSION = YES;
				GCC_WARN_ABOUT_RETURN_TYPE = YES_ERROR;
				GCC_WARN_UNDECLARED_SELECTOR = YES;
				GCC_WARN_UNINITIALIZED_AUTOS = YES_AGGRESSIVE;
				GCC_WARN_UNUSED_FUNCTION = YES;
				GCC_WARN_UNUSED_VARIABLE = YES;
				IPHONEOS_DEPLOYMENT_TARGET = 16.0;
				MTL_ENABLE_DEBUG_INFO = INCLUDE_SOURCE;
				MTL_FAST_MATH = YES;
				ONLY_ACTIVE_ARCH = YES;
				SDKROOT = iphoneos;
				STRING_CATALOG_GENERATE_SYMBOLS = YES;
				SWIFT_ACTIVE_COMPILATION_CONDITIONS = DEBUG;
				SWIFT_OPTIMIZATION_LEVEL = "-Onone";
			};
			name = Debug;
		};
		A1B2C3D4E5F6A7B8C9D0E205 /* Release */ = {
			isa = XCBuildConfiguration;
			buildSettings = {
				ALWAYS_SEARCH_USER_PATHS = NO;
				ASSETCATALOG_COMPILER_GENERATE_SWIFT_ASSET_SYMBOL_EXTENSIONS = YES;
				CLANG_ANALYZER_NONNULL = YES;
				CLANG_CXX_LANGUAGE_STANDARD = "gnu++20";
				CLANG_ENABLE_MODULES = YES;
				CLANG_ENABLE_OBJC_ARC = YES;
				CLANG_ENABLE_OBJC_WEAK = YES;
				CLANG_WARN_BLOCK_CAPTURE_AUTORELEASING = YES;
				CLANG_WARN_BOOL_CONVERSION = YES;
				CLANG_WARN_COMMA = YES;
				CLANG_WARN_CONSTANT_CONVERSION = YES;
				CLANG_WARN_DEPRECATED_OBJC_IMPLEMENTATIONS = YES;
				CLANG_WARN_DIRECT_OBJC_ISA_USAGE = YES_ERROR;
				CLANG_WARN_DOCUMENTATION_COMMENTS = YES;
				CLANG_WARN_EMPTY_BODY = YES;
				CLANG_WARN_ENUM_CONVERSION = YES;
				CLANG_WARN_INFINITE_RECURSION = YES;
				CLANG_WARN_INT_CONVERSION = YES;
				CLANG_WARN_NON_LITERAL_NULL_CONVERSION = YES;
				CLANG_WARN_OBJC_IMPLICIT_RETAIN_SELF = YES;
				CLANG_WARN_OBJC_LITERAL_CONVERSION = YES;
				CLANG_WARN_OBJC_ROOT_CLASS = YES_ERROR;
				CLANG_WARN_QUOTED_INCLUDE_IN_FRAMEWORK_HEADER = YES;
				CLANG_WARN_RANGE_LOOP_ANALYSIS = YES;
				CLANG_WARN_STRICT_PROTOTYPES = YES;
				CLANG_WARN_SUSPICIOUS_MOVE = YES;
				CLANG_WARN_UNGUARDED_AVAILABILITY = YES_AGGRESSIVE;
				CLANG_WARN_UNREACHABLE_CODE = YES;
				CLANG_WARN__DUPLICATE_METHOD_MATCH = YES;
				COPY_PHASE_STRIP = NO;
				DEBUG_INFORMATION_FORMAT = "dwarf-with-dsym";
				ENABLE_NS_ASSERTIONS = NO;
				ENABLE_STRICT_OBJC_MSGSEND = YES;
				ENABLE_USER_SCRIPT_SANDBOXING = NO;
				GCC_C_LANGUAGE_STANDARD = gnu17;
				GCC_NO_COMMON_BLOCKS = YES;
				GCC_WARN_64_TO_32_BIT_CONVERSION = YES;
				GCC_WARN_ABOUT_RETURN_TYPE = YES_ERROR;
				GCC_WARN_UNDECLARED_SELECTOR = YES;
				GCC_WARN_UNINITIALIZED_AUTOS = YES_AGGRESSIVE;
				GCC_WARN_UNUSED_FUNCTION = YES;
				GCC_WARN_UNUSED_VARIABLE = YES;
				IPHONEOS_DEPLOYMENT_TARGET = 16.0;
				MTL_FAST_MATH = YES;
				SDKROOT = iphoneos;
				STRING_CATALOG_GENERATE_SYMBOLS = YES;
				SWIFT_COMPILATION_MODE = wholemodule;
				SWIFT_OPTIMIZATION_LEVEL = "-O";
			};
			name = Release;
		};
		A1B2C3D4E5F6A7B8C9D0E206 /* Debug */ = {
			isa = XCBuildConfiguration;
			buildSettings = {
				ASSETCATALOG_COMPILER_APPICON_NAME = AppIcon;
				ASSETCATALOG_COMPILER_GLOBAL_ACCENT_COLOR_NAME = AccentColor;
				CODE_SIGN_STYLE = Automatic;
				CURRENT_PROJECT_VERSION = 1;
				DEVELOPMENT_TEAM = 6GLKP5827J;
				FRAMEWORK_SEARCH_PATHS = (
					"$(inherited)",
					"$(SRCROOT)/../composeApp/build/bin/iosArm64/debugFramework",
					"$(SRCROOT)/../composeApp/build/bin/iosSimulatorArm64/debugFramework",
				);
				GENERATE_INFOPLIST_FILE = YES;
				INFOPLIST_KEY_UIApplicationSceneManifest_Generation = YES;
				INFOPLIST_KEY_UIApplicationSupportsIndirectInputEvents = YES;
				INFOPLIST_KEY_UILaunchScreen_Generation = YES;
				INFOPLIST_KEY_UISupportedInterfaceOrientations_iPad = "UIInterfaceOrientationPortrait UIInterfaceOrientationPortraitUpsideDown UIInterfaceOrientationLandscapeLeft UIInterfaceOrientationLandscapeRight";
				INFOPLIST_KEY_UISupportedInterfaceOrientations_iPhone = "UIInterfaceOrientationPortrait UIInterfaceOrientationLandscapeLeft UIInterfaceOrientationLandscapeRight";
				LD_RUNPATH_SEARCH_PATHS = (
					"$(inherited)",
					"@executable_path/Frameworks",
				);
				MARKETING_VERSION = 1.0;
				PRODUCT_BUNDLE_IDENTIFIER = com.gacrichards.cosmos;
				PRODUCT_NAME = "$(TARGET_NAME)";
				SWIFT_EMIT_LOC_STRINGS = YES;
				SWIFT_VERSION = 5.9;
				TARGETED_DEVICE_FAMILY = "1,2";
			};
			name = Debug;
		};
		A1B2C3D4E5F6A7B8C9D0E207 /* Release */ = {
			isa = XCBuildConfiguration;
			buildSettings = {
				ASSETCATALOG_COMPILER_APPICON_NAME = AppIcon;
				ASSETCATALOG_COMPILER_GLOBAL_ACCENT_COLOR_NAME = AccentColor;
				CODE_SIGN_STYLE = Automatic;
				CURRENT_PROJECT_VERSION = 1;
				FRAMEWORK_SEARCH_PATHS = (
					"$(inherited)",
					"$(SRCROOT)/../composeApp/build/bin/iosArm64/releaseFramework",
				);
				GENERATE_INFOPLIST_FILE = YES;
				INFOPLIST_KEY_UIApplicationSceneManifest_Generation = YES;
				INFOPLIST_KEY_UIApplicationSupportsIndirectInputEvents = YES;
				INFOPLIST_KEY_UILaunchScreen_Generation = YES;
				INFOPLIST_KEY_UISupportedInterfaceOrientations_iPad = "UIInterfaceOrientationPortrait UIInterfaceOrientationPortraitUpsideDown UIInterfaceOrientationLandscapeLeft UIInterfaceOrientationLandscapeRight";
				INFOPLIST_KEY_UISupportedInterfaceOrientations_iPhone = "UIInterfaceOrientationPortrait UIInterfaceOrientationLandscapeLeft UIInterfaceOrientationLandscapeRight";
				LD_RUNPATH_SEARCH_PATHS = (
					"$(inherited)",
					"@executable_path/Frameworks",
				);
				MARKETING_VERSION = 1.0;
				PRODUCT_BUNDLE_IDENTIFIER = com.gacrichards.cosmos;
				PRODUCT_NAME = "$(TARGET_NAME)";
				SWIFT_EMIT_LOC_STRINGS = YES;
				SWIFT_VERSION = 5.9;
				TARGETED_DEVICE_FAMILY = "1,2";
			};
			name = Release;
		};
/* End XCBuildConfiguration section */

/* Begin XCConfigurationList section */
		A1B2C3D4E5F6A7B8C9D0E202 /* Build configuration list for PBXProject "iosApp" */ = {
			isa = XCConfigurationList;
			buildConfigurations = (
				A1B2C3D4E5F6A7B8C9D0E204 /* Debug */,
				A1B2C3D4E5F6A7B8C9D0E205 /* Release */,
			);
			defaultConfigurationIsVisible = 0;
			defaultConfigurationName = Release;
		};
		A1B2C3D4E5F6A7B8C9D0E203 /* Build configuration list for PBXNativeTarget "iosApp" */ = {
			isa = XCConfigurationList;
			buildConfigurations = (
				A1B2C3D4E5F6A7B8C9D0E206 /* Debug */,
				A1B2C3D4E5F6A7B8C9D0E207 /* Release */,
			);
			defaultConfigurationIsVisible = 0;
			defaultConfigurationName = Release;
		};
/* End XCConfigurationList section */
	};
	rootObject = A1B2C3D4E5F6A7B8C9D0E1F2 /* Project object */;
}
